
Microsoft Visual Studio Solution File, Format Version 12.00
# Visual Studio 15
VisualStudioVersion = 15.0.28307.106
MinimumVisualStudioVersion = 10.0.40219.1
Project("{FAE04EC0-301F-11D3-BF4B-00C04F79EFBC}") = "Lab2", "Lab2\Lab2.csproj", "{640BC6A8-F5D7-4522-9A14-6C9B585DFC1F}"
EndProject
Project("{FAE04EC0-301F-11D3-BF4B-00C04F79EFBC}") = "TestPolinomial", "TestPolinomial\TestPolinomial.csproj", "{B74D0235-6C96-4CD3-A909-D5B23AE73C41}"
EndProject
Global
	GlobalSection(SolutionConfigurationPlatforms) = preSolution
		Debug|Any CPU = Debug|Any CPU
		Release|Any CPU = Release|Any CPU
	EndGlobalSection
	GlobalSection(ProjectConfigurationPlatforms) = postSolution
		{640BC6A8-F5D7-4522-9A14-6C9B585DFC1F}.Debug|Any CPU.ActiveCfg = Debug|Any CPU
		{640BC6A8-F5D7-4522-9A14-6C9B585DFC1F}.Debug|Any CPU.Build.0 = Debug|Any CPU
		{640BC6A8-F5D7-4522-9A14-6C9B585DFC1F}.Release|Any CPU.ActiveCfg = Release|Any CPU
		{640BC6A8-F5D7-4522-9A14-6C9B585DFC1F}.Release|Any CPU.Build.0 = Release|Any CPU
		{B74D0235-6C96-4CD3-A909-D5B23AE73C41}.Debug|Any CPU.ActiveCfg = Debug|Any CPU
		{B74D0235-6C96-4CD3-A909-D5B23AE73C41}.Debug|Any CPU.Build.0 = Debug|Any CPU
		{B74D0235-6C96-4CD3-A909-D5B23AE73C41}.Release|Any CPU.ActiveCfg = Release|Any CPU
		{B74D0235-6C96-4CD3-A909-D5B23AE73C41}.Release|Any CPU.Build.0 = Release|Any CPU
	EndGlobalSection
	GlobalSection(SolutionProperties) = preSolution
		HideSolutionNode = FALSE
	EndGlobalSection
	GlobalSection(ExtensibilityGlobals) = postSolution
		SolutionGuid = {C9180EB9-12F5-4979-BE7B-A93C105D96C8}
	EndGlobalSection
EndGlobal
